// !$*UTF8*$!
{
	archiveVersion = 1;
	classes = {
	};
	objectVersion = 54;
	objects = {

/* Begin PBXBuildFile section */
		0A10BB2025684FE43AB60AAE /* ContentView.swift in Sources */ = {isa = PBXBuildFile; fileRef = 0CA4C4A74FBB745C68DA0941 /* ContentView.swift */; };
		135B029D4A547E0911332BB1 /* FirebaseCore in Frameworks */ = {isa = PBXBuildFile; productRef = 5BC58D6A473472F59BE040F5 /* FirebaseCore */; };
		2B6E7F1C3A9D4568B1C2E9A4 /* GoogleService-Info.plist in Resources */ = {isa = PBXBuildFile; fileRef = 2B6E7F1C3A9D4568B1C2E9A3 /* GoogleService-Info.plist */; };
		3E7D1A2B4C5F60718293A4B6 /* FirebaseObservability.swift in Sources */ = {isa = PBXBuildFile; fileRef = 3E7D1A2B4C5F60718293A4B5 /* FirebaseObservability.swift */; };
		3E7D1A2B4C5F60718293A4C1 /* FirebaseCrashlytics in Frameworks */ = {isa = PBXBuildFile; productRef = 3E7D1A2B4C5F60718293A4C0 /* FirebaseCrashlytics */; };
		3E7D1A2B4C5F60718293A4D1 /* FirebaseAnalytics in Frameworks */ = {isa = PBXBuildFile; productRef = 3E7D1A2B4C5F60718293A4D0 /* FirebaseAnalytics */; };
		45CC1BB1D6854EEAE3ECCA94 /* FirebaseAuth in Frameworks */ = {isa = PBXBuildFile; productRef = 1C7A53FD79FB80A85AE16311 /* FirebaseAuth */; };
		4CEA61298A30E62686B8FD82 /* Foundation.framework in Frameworks */ = {isa = PBXBuildFile; fileRef = 8D01E028B85E0E71E07326C0 /* Foundation.framework */; };
		6778157347134A73AD0C3DBF /* RealIosGoogleSignInLauncher.swift in Sources */ = {isa = PBXBuildFile; fileRef = F1758D9AA99C4AC59819BA58 /* RealIosGoogleSignInLauncher.swift */; };
		6A1B4E0A1D2F4C8A9B3E5F71 /* AppDelegate.swift in Sources */ = {isa = PBXBuildFile; fileRef = 6A1B4E0A1D2F4C8A9B3E5F70 /* AppDelegate.swift */; };
		7C2E9A1B4F6D4082A3B5E7D1 /* FirebaseStorage in Frameworks */ = {isa = PBXBuildFile; productRef = 7C2E9A1B4F6D4082A3B5E7D0 /* FirebaseStorage */; };
		9F3D8C2A5E1B4076B4C6D8F2 /* libsqlite3.tbd in Frameworks */ = {isa = PBXBuildFile; fileRef = 9F3D8C2A5E1B4076B4C6D8F1 /* libsqlite3.tbd */; };
		D3204FBF30256FC4DB314B67 /* FirebaseFirestore in Frameworks */ = {isa = PBXBuildFile; productRef = 85D61C478DE18A8C6A990ED1 /* FirebaseFirestore */; };
		EA83ADEE090A4B7FB7D22F85 /* GoogleSignIn in Frameworks */ = {isa = PBXBuildFile; productRef = ACB0C2435E664075BBEBC550 /* GoogleSignIn */; };
		F013A7834E92E67BBB6FEF0A /* iosAppApp.swift in Sources */ = {isa = PBXBuildFile; fileRef = F5B3131DB2F7D9D0FE97E358 /* iosAppApp.swift */; };
/* End PBXBuildFile section */

/* Begin PBXFileReference section */
		0CA4C4A74FBB745C68DA0941 /* ContentView.swift */ = {isa = PBXFileReference; includeInIndex = 1; lastKnownFileType = sourcecode.swift; path = ContentView.swift; sourceTree = "<group>"; };
		2B6E7F1C3A9D4568B1C2E9A3 /* GoogleService-Info.plist */ = {isa = PBXFileReference; lastKnownFileType = text.plist.xml; path = "GoogleService-Info.plist"; sourceTree = "<group>"; };
		2B6E7F1C3A9D4568B1C2E9A5 /* GoogleService-Info.plist.example */ = {isa = PBXFileReference; lastKnownFileType = text.plist.xml; path = "GoogleService-Info.plist.example"; sourceTree = "<group>"; };
		3E7D1A2B4C5F60718293A4B5 /* FirebaseObservability.swift */ = {isa = PBXFileReference; includeInIndex = 1; lastKnownFileType = sourcecode.swift; path = FirebaseObservability.swift; sourceTree = "<group>"; };
		5EC5E75A1E9B4D9A99A85EC5 /* Secrets.xcconfig */ = {isa = PBXFileReference; lastKnownFileType = text.xcconfig; path = Secrets.xcconfig; sourceTree = "<group>"; };
		5EC5E75A1E9B4D9A99A85EC6 /* Secrets.xcconfig.example */ = {isa = PBXFileReference; lastKnownFileType = text.xcconfig; path = Secrets.xcconfig.example; sourceTree = "<group>"; };
		6A1B4E0A1D2F4C8A9B3E5F70 /* AppDelegate.swift */ = {isa = PBXFileReference; includeInIndex = 1; lastKnownFileType = sourcecode.swift; path = AppDelegate.swift; sourceTree = "<group>"; };
		6A1B4E0A1D2F4C8A9B3E5F72 /* iosApp.entitlements */ = {isa = PBXFileReference; lastKnownFileType = text.plist.entitlements; path = iosApp.entitlements; sourceTree = "<group>"; };
		8D01E028B85E0E71E07326C0 /* Foundation.framework */ = {isa = PBXFileReference; lastKnownFileType = wrapper.framework; name = Foundation.framework; path = Platforms/iPhoneOS.platform/Developer/SDKs/iPhoneOS26.0.sdk/System/Library/Frameworks/Foundation.framework; sourceTree = DEVELOPER_DIR; };
		9F3D8C2A5E1B4076B4C6D8F1 /* libsqlite3.tbd */ = {isa = PBXFileReference; lastKnownFileType = "sourcecode.text-based-dylib-definition"; name = libsqlite3.tbd; path = usr/lib/libsqlite3.tbd; sourceTree = SDKROOT; };
		AA0EA979E474648E59EA28B7 /* iosApp.app */ = {isa = PBXFileReference; explicitFileType = wrapper.application; includeInIndex = 0; path = iosApp.app; sourceTree = BUILT_PRODUCTS_DIR; };
		F1758D9AA99C4AC59819BA58 /* RealIosGoogleSignInLauncher.swift */ = {isa = PBXFileReference; includeInIndex = 1; lastKnownFileType = sourcecode.swift; path = RealIosGoogleSignInLauncher.swift; sourceTree = "<group>"; };
		F5B3131DB2F7D9D0FE97E358 /* iosAppApp.swift */ = {isa = PBXFileReference; includeInIndex = 1; lastKnownFileType = sourcecode.swift; path = iosAppApp.swift; sourceTree = "<group>"; };
/* End PBXFileReference section */

/* Begin PBXFrameworksBuildPhase section */
		0A28B3FEF0680FA1BF3AF3E8 /* Frameworks */ = {
			isa = PBXFrameworksBuildPhase;
			buildActionMask = 2147483647;
			files = (
				4CEA61298A30E62686B8FD82 /* Foundation.framework in Frameworks */,
				45CC1BB1D6854EEAE3ECCA94 /* FirebaseAuth in Frameworks */,
				D3204FBF30256FC4DB314B67 /* FirebaseFirestore in Frameworks */,
				135B029D4A547E0911332BB1 /* FirebaseCore in Frameworks */,
				7C2E9A1B4F6D4082A3B5E7D1 /* FirebaseStorage in Frameworks */,
				3E7D1A2B4C5F60718293A4C1 /* FirebaseCrashlytics in Frameworks */,
				3E7D1A2B4C5F60718293A4D1 /* FirebaseAnalytics in Frameworks */,
				9F3D8C2A5E1B4076B4C6D8F2 /* libsqlite3.tbd in Frameworks */,
				EA83ADEE090A4B7FB7D22F85 /* GoogleSignIn in Frameworks */,
			);
			runOnlyForDeploymentPostprocessing = 0;
		};
/* End PBXFrameworksBuildPhase section */

/* Begin PBXGroup section */
		42C47068783E9BFF47358CF4 /* Frameworks */ = {
			isa = PBXGroup;
			children = (
				DE6234BF5BAF5E46363F1D89 /* iOS */,
			);
			name = Frameworks;
			sourceTree = "<group>";
		};
		4A36AB7FA1A97A59C92536D5 /* iosApp */ = {
			isa = PBXGroup;
			children = (
				F5B3131DB2F7D9D0FE97E358 /* iosAppApp.swift */,
				6A1B4E0A1D2F4C8A9B3E5F70 /* AppDelegate.swift */,
				0CA4C4A74FBB745C68DA0941 /* ContentView.swift */,
				F1758D9AA99C4AC59819BA58 /* RealIosGoogleSignInLauncher.swift */,
				3E7D1A2B4C5F60718293A4B5 /* FirebaseObservability.swift */,
				6A1B4E0A1D2F4C8A9B3E5F72 /* iosApp.entitlements */,
				2B6E7F1C3A9D4568B1C2E9A3 /* GoogleService-Info.plist */,
				2B6E7F1C3A9D4568B1C2E9A5 /* GoogleService-Info.plist.example */,
				5EC5E75A1E9B4D9A99A85EC5 /* Secrets.xcconfig */,
				5EC5E75A1E9B4D9A99A85EC6 /* Secrets.xcconfig.example */,
			);
			path = iosApp;
			sourceTree = "<group>";
		};
		4CF4550E0B4E1BEF513D6FDF /* Products */ = {
			isa = PBXGroup;
			children = (
				AA0EA979E474648E59EA28B7 /* iosApp.app */,
			);
			name = Products;
			sourceTree = "<group>";
		};
		9201169A6E8129BB87D7830C = {
			isa = PBXGroup;
			children = (
				4CF4550E0B4E1BEF513D6FDF /* Products */,
				42C47068783E9BFF47358CF4 /* Frameworks */,
				4A36AB7FA1A97A59C92536D5 /* iosApp */,
			);
			sourceTree = "<group>";
		};
		DE6234BF5BAF5E46363F1D89 /* iOS */ = {
			isa = PBXGroup;
			children = (
				8D01E028B85E0E71E07326C0 /* Foundation.framework */,
				9F3D8C2A5E1B4076B4C6D8F1 /* libsqlite3.tbd */,
			);
			name = iOS;
			sourceTree = "<group>";
		};
/* End PBXGroup section */

/* Begin PBXNativeTarget section */
		E170308D56CAC1AD7CC980CB /* iosApp */ = {
			isa = PBXNativeTarget;
			buildConfigurationList = 4090D18620C3864C831DF811 /* Build configuration list for PBXNativeTarget "iosApp" */;
			buildPhases = (
				7A1C9B3E5D2F4A6B8C9D0E1F /* Embed Compose Resources (Kotlin/Native) */,
				B8C431142ABC21C52E814650 /* Sources */,
				0A28B3FEF0680FA1BF3AF3E8 /* Frameworks */,
				4D8A2C6E9F1B4573A0D3E8B6 /* Ensure GoogleService-Info.plist */,
				9C4A2FC96D375558B850985E /* Resources */,
			);
			buildRules = (
			);
			dependencies = (
			);
			name = iosApp;
			packageProductDependencies = (
				1C7A53FD79FB80A85AE16311 /* FirebaseAuth */,
				85D61C478DE18A8C6A990ED1 /* FirebaseFirestore */,
				5BC58D6A473472F59BE040F5 /* FirebaseCore */,
				7C2E9A1B4F6D4082A3B5E7D0 /* FirebaseStorage */,
				3E7D1A2B4C5F60718293A4C0 /* FirebaseCrashlytics */,
				3E7D1A2B4C5F60718293A4D0 /* FirebaseAnalytics */,
				ACB0C2435E664075BBEBC550 /* GoogleSignIn */,
			);
			productName = iosApp;
			productReference = AA0EA979E474648E59EA28B7 /* iosApp.app */;
			productType = "com.apple.product-type.application";
		};
/* End PBXNativeTarget section */

/* Begin PBXProject section */
		F2FE6E3518699B6B9EB24C58 /* Project object */ = {
			isa = PBXProject;
			attributes = {
				BuildIndependentTargetsInParallel = YES;
				LastSwiftUpdateCheck = 1600;
				LastUpgradeCheck = 2660;
			};
			buildConfigurationList = F43007C0AB050A098608F185 /* Build configuration list for PBXProject "iosApp" */;
			compatibilityVersion = "Xcode 3.2";
			developmentRegion = en;
			hasScannedForEncodings = 0;
			knownRegions = (
				en,
				Base,
			);
			mainGroup = 9201169A6E8129BB87D7830C;
			packageReferences = (
				F3B5A9FB73394D29FCB6E5CE /* XCRemoteSwiftPackageReference "firebase-ios-sdk" */,
				5125FA5E18AA42AFB0BB96CC /* XCRemoteSwiftPackageReference "GoogleSignIn-iOS" */,
			);
			productRefGroup = 4CF4550E0B4E1BEF513D6FDF /* Products */;
			projectDirPath = "";
			projectRoot = "";
			targets = (
				E170308D56CAC1AD7CC980CB /* iosApp */,
			);
		};
/* End PBXProject section */

/* Begin PBXResourcesBuildPhase section */
		9C4A2FC96D375558B850985E /* Resources */ = {
			isa = PBXResourcesBuildPhase;
			buildActionMask = 2147483647;
			files = (
				2B6E7F1C3A9D4568B1C2E9A4 /* GoogleService-Info.plist in Resources */,
			);
			runOnlyForDeploymentPostprocessing = 0;
		};
/* End PBXResourcesBuildPhase section */

/* Begin PBXShellScriptBuildPhase section */
		7A1C9B3E5D2F4A6B8C9D0E1F /* Embed Compose Resources (Kotlin/Native) */ = {
			isa = PBXShellScriptBuildPhase;
			alwaysOutOfDate = 1;
			buildActionMask = 2147483647;
			files = (
			);
			inputPaths = (
			);
			name = "Embed Compose Resources (Kotlin/Native)";
			outputPaths = (
			);
			runOnlyForDeploymentPostprocessing = 0;
			shellPath = /bin/sh;
			shellScript = "# This project links SharedKit.framework manually via FRAMEWORK_SEARCH_PATHS/\n# OTHER_LDFLAGS (a static framework) rather than through the standard\n# JetBrains Xcode-integration template, which normally runs this task from a\n# Run Script phase. Skipping it meant Compose Multiplatform's compose-resources\n# bundle (strings, drawables, etc.) never made it into the app bundle --\n# discovered via a real launch crash (MissingResourceException on\n# strings.commonMain.cvr) once a screen using stringResource() actually rendered.\n#\n# Move 2 (iOS CocoaPods->SPM convergence): the framework is now produced by\n# :data-firebase, not :shared. That module sits at the top of the Kotlin\n# dependency graph, so only a framework built there carries BOTH shared's\n# UI/ViewModels and the Firebase-backed repository implementations the Koin\n# graph needs.\n#\n# Two guards that used to live here are gone with CocoaPods itself:\n#  - an `if [ \\\"$ACTION\\\" = \\\"indexbuild\\\" ]` early-exit, because Xcode's\n#    background Index Build raced the real build on the Kotlin CocoaPods\n#    plugin's shared synthetic Xcode project (\\\"database is locked\\\").\n#    No synthetic project exists any more.\n#  - a PATH export for /opt/homebrew/bin so the `pod` CLI was reachable from\n#    Xcode's minimal Run Script PATH. Nothing shells out to `pod` now.\n#\n# JAVA_HOME still needs setting explicitly: Xcode Run Script phases do not\n# source ~/.zshrc, and there is no JDK registered with /usr/libexec/java_home,\n# so Gradle fails with \\\"Unable to locate a Java Runtime\\\" without it.\nif [ -z \"$JAVA_HOME\" ]; then\n  export JAVA_HOME=\"/Applications/Android Studio.app/Contents/jbr/Contents/Home\"\nfi\ncd \"$SRCROOT/..\"\n./gradlew :data-firebase:embedAndSignAppleFrameworkForXcode\n";
		};
		4D8A2C6E9F1B4573A0D3E8B6 /* Ensure GoogleService-Info.plist */ = {
			isa = PBXShellScriptBuildPhase;
			buildActionMask = 2147483647;
			files = (
			);
			inputPaths = (
				"$(SRCROOT)/iosApp/GoogleService-Info.plist.example",
			);
			name = "Ensure GoogleService-Info.plist";
			outputPaths = (
				"$(SRCROOT)/iosApp/GoogleService-Info.plist",
			);
			runOnlyForDeploymentPostprocessing = 0;
			shellPath = /bin/sh;
			shellScript = "# Phase 6 (KMP migration plan, item 1): GoogleService-Info.plist is a\n# real Firebase credential and is gitignored, same treatment as\n# app/google-services.json on the Android side -- it will not exist in a\n# fresh checkout. Auto-provision the checked-in placeholder template so\n# the build still compiles/runs against Compose UI, and loudly (but\n# non-fatally, matching the Android side's own gap) warn if the resolved\n# file is still the placeholder, so live Firebase calls failing at\n# runtime is never a silent surprise.\nPLIST=\"${SRCROOT}/iosApp/GoogleService-Info.plist\"\nEXAMPLE=\"${SRCROOT}/iosApp/GoogleService-Info.plist.example\"\nif [ ! -f \"$PLIST\" ]; then\n  cp \"$EXAMPLE\" \"$PLIST\"\n  echo \"warning: GoogleService-Info.plist was missing -- copied the placeholder template. Live iOS Firebase (Auth/Firestore/Storage) calls will fail until you replace it with a real file from the Firebase console. See iosApp/iosApp/GoogleService-Info.plist.example for exact steps.\"\nfi\nif grep -q \"REPLACE_WITH_REAL\" \"$PLIST\"; then\n  echo \"warning: GoogleService-Info.plist still contains placeholder values -- live iOS Firebase (Auth/Firestore/Storage) calls will fail. See iosApp/iosApp/GoogleService-Info.plist.example for exact Firebase console steps.\"\nfi\n";
		};
/* End PBXShellScriptBuildPhase section */

/* Begin PBXSourcesBuildPhase section */
		B8C431142ABC21C52E814650 /* Sources */ = {
			isa = PBXSourcesBuildPhase;
			buildActionMask = 2147483647;
			files = (
				F013A7834E92E67BBB6FEF0A /* iosAppApp.swift in Sources */,
				6A1B4E0A1D2F4C8A9B3E5F71 /* AppDelegate.swift in Sources */,
				0A10BB2025684FE43AB60AAE /* ContentView.swift in Sources */,
				6778157347134A73AD0C3DBF /* RealIosGoogleSignInLauncher.swift in Sources */,
				3E7D1A2B4C5F60718293A4B6 /* FirebaseObservability.swift in Sources */,
			);
			runOnlyForDeploymentPostprocessing = 0;
		};
/* End PBXSourcesBuildPhase section */

/* Begin XCBuildConfiguration section */
		3DEA24F72EA48FE8405C81A8 /* Debug */ = {
			isa = XCBuildConfiguration;
			buildSettings = {
				ALWAYS_SEARCH_USER_PATHS = NO;
				ASSETCATALOG_COMPILER_GENERATE_SWIFT_ASSET_SYMBOL_EXTENSIONS = YES;
				CLANG_ANALYZER_NONNULL = YES;
				CLANG_ANALYZER_NUMBER_OBJECT_CONVERSION = YES_AGGRESSIVE;
				CLANG_CXX_LANGUAGE_STANDARD = "gnu++14";
				CLANG_CXX_LIBRARY = "libc++";
				CLANG_ENABLE_MODULES = YES;
				CLANG_ENABLE_OBJC_ARC = YES;
				CLANG_ENABLE_OBJC_WEAK = YES;
				CLANG_WARN_BLOCK_CAPTURE_AUTORELEASING = YES;
				CLANG_WARN_BOOL_CONVERSION = YES;
				CLANG_WARN_COMMA = YES;
				CLANG_WARN_CONSTANT_CONVERSION = YES;
				CLANG_WARN_DEPRECATED_OBJC_IMPLEMENTATIONS = YES;
				CLANG_WARN_DIRECT_OBJC_ISA_USAGE = YES_ERROR;
				CLANG_WARN_DOCUMENTATION_COMMENTS = YES;
				CLANG_WARN_EMPTY_BODY = YES;
				CLANG_WARN_ENUM_CONVERSION = YES;
				CLANG_WARN_INFINITE_RECURSION = YES;
				CLANG_WARN_INT_CONVERSION = YES;
				CLANG_WARN_NON_LITERAL_NULL_CONVERSION = YES;
				CLANG_WARN_OBJC_IMPLICIT_RETAIN_SELF = YES;
				CLANG_WARN_OBJC_LITERAL_CONVERSION = YES;
				CLANG_WARN_OBJC_ROOT_CLASS = YES_ERROR;
				CLANG_WARN_QUOTED_INCLUDE_IN_FRAMEWORK_HEADER = YES;
				CLANG_WARN_RANGE_LOOP_ANALYSIS = YES;
				CLANG_WARN_STRICT_PROTOTYPES = YES;
				CLANG_WARN_SUSPICIOUS_MOVE = YES;
				CLANG_WARN_UNGUARDED_AVAILABILITY = YES_AGGRESSIVE;
				CLANG_WARN_UNREACHABLE_CODE = YES;
				CLANG_WARN__DUPLICATE_METHOD_MATCH = YES;
				COPY_PHASE_STRIP = NO;
				DEAD_CODE_STRIPPING = YES;
				DEBUG_INFORMATION_FORMAT = dwarf;
				ENABLE_STRICT_OBJC_MSGSEND = YES;
				ENABLE_TESTABILITY = YES;
				ENABLE_USER_SCRIPT_SANDBOXING = NO;
				GCC_C_LANGUAGE_STANDARD = gnu11;
				GCC_DYNAMIC_NO_PIC = NO;
				GCC_NO_COMMON_BLOCKS = YES;
				GCC_OPTIMIZATION_LEVEL = 0;
				GCC_PREPROCESSOR_DEFINITIONS = (
					"DEBUG=1",
					"$(inherited)",
				);
				GCC_WARN_64_TO_32_BIT_CONVERSION = YES;
				GCC_WARN_ABOUT_RETURN_TYPE = YES_ERROR;
				GCC_WARN_UNDECLARED_SELECTOR = YES;
				GCC_WARN_UNINITIALIZED_AUTOS = YES_AGGRESSIVE;
				GCC_WARN_UNUSED_FUNCTION = YES;
				GCC_WARN_UNUSED_VARIABLE = YES;
				MTL_ENABLE_DEBUG_INFO = INCLUDE_SOURCE;
				MTL_FAST_MATH = YES;
				ONLY_ACTIVE_ARCH = YES;
				PRODUCT_NAME = "$(TARGET_NAME)";
				STRING_CATALOG_GENERATE_SYMBOLS = YES;
				SWIFT_ACTIVE_COMPILATION_CONDITIONS = DEBUG;
				SWIFT_OPTIMIZATION_LEVEL = "-Onone";
				SWIFT_VERSION = 5.0;
			};
			name = Debug;
		};
		612501AC5C400D236E6F5E5B /* Release */ = {
			isa = XCBuildConfiguration;
			buildSettings = {
				ALWAYS_SEARCH_USER_PATHS = NO;
				ASSETCATALOG_COMPILER_GENERATE_SWIFT_ASSET_SYMBOL_EXTENSIONS = YES;
				CLANG_ANALYZER_NONNULL = YES;
				CLANG_ANALYZER_NUMBER_OBJECT_CONVERSION = YES_AGGRESSIVE;
				CLANG_CXX_LANGUAGE_STANDARD = "gnu++14";
				CLANG_CXX_LIBRARY = "libc++";
				CLANG_ENABLE_MODULES = YES;
				CLANG_ENABLE_OBJC_ARC = YES;
				CLANG_ENABLE_OBJC_WEAK = YES;
				CLANG_WARN_BLOCK_CAPTURE_AUTORELEASING = YES;
				CLANG_WARN_BOOL_CONVERSION = YES;
				CLANG_WARN_COMMA = YES;
				CLANG_WARN_CONSTANT_CONVERSION = YES;
				CLANG_WARN_DEPRECATED_OBJC_IMPLEMENTATIONS = YES;
				CLANG_WARN_DIRECT_OBJC_ISA_USAGE = YES_ERROR;
				CLANG_WARN_DOCUMENTATION_COMMENTS = YES;
				CLANG_WARN_EMPTY_BODY = YES;
				CLANG_WARN_ENUM_CONVERSION = YES;
				CLANG_WARN_INFINITE_RECURSION = YES;
				CLANG_WARN_INT_CONVERSION = YES;
				CLANG_WARN_NON_LITERAL_NULL_CONVERSION = YES;
				CLANG_WARN_OBJC_IMPLICIT_RETAIN_SELF = YES;
				CLANG_WARN_OBJC_LITERAL_CONVERSION = YES;
				CLANG_WARN_OBJC_ROOT_CLASS = YES_ERROR;
				CLANG_WARN_QUOTED_INCLUDE_IN_FRAMEWORK_HEADER = YES;
				CLANG_WARN_RANGE_LOOP_ANALYSIS = YES;
				CLANG_WARN_STRICT_PROTOTYPES = YES;
				CLANG_WARN_SUSPICIOUS_MOVE = YES;
				CLANG_WARN_UNGUARDED_AVAILABILITY = YES_AGGRESSIVE;
				CLANG_WARN_UNREACHABLE_CODE = YES;
				CLANG_WARN__DUPLICATE_METHOD_MATCH = YES;
				COPY_PHASE_STRIP = NO;
				DEAD_CODE_STRIPPING = YES;
				DEBUG_INFORMATION_FORMAT = "dwarf-with-dsym";
				ENABLE_NS_ASSERTIONS = NO;
				ENABLE_STRICT_OBJC_MSGSEND = YES;
				ENABLE_USER_SCRIPT_SANDBOXING = NO;
				GCC_C_LANGUAGE_STANDARD = gnu11;
				GCC_NO_COMMON_BLOCKS = YES;
				GCC_WARN_64_TO_32_BIT_CONVERSION = YES;
				GCC_WARN_ABOUT_RETURN_TYPE = YES_ERROR;
				GCC_WARN_UNDECLARED_SELECTOR = YES;
				GCC_WARN_UNINITIALIZED_AUTOS = YES_AGGRESSIVE;
				GCC_WARN_UNUSED_FUNCTION = YES;
				GCC_WARN_UNUSED_VARIABLE = YES;
				MTL_ENABLE_DEBUG_INFO = NO;
				MTL_FAST_MATH = YES;
				PRODUCT_NAME = "$(TARGET_NAME)";
				STRING_CATALOG_GENERATE_SYMBOLS = YES;
				SWIFT_COMPILATION_MODE = wholemodule;
				SWIFT_OPTIMIZATION_LEVEL = "-O";
				SWIFT_VERSION = 5.0;
			};
			name = Release;
		};
		6CBA1FA131AB892F06DBCE3C /* Debug */ = {
			isa = XCBuildConfiguration;
			baseConfigurationReference = 5EC5E75A1E9B4D9A99A85EC5 /* Secrets.xcconfig */;
			buildSettings = {
				ASSETCATALOG_COMPILER_APPICON_NAME = AppIcon;
				ASSETCATALOG_COMPILER_GLOBAL_ACCENT_COLOR_NAME = AccentColor;
				"ARCHS[sdk=iphonesimulator*]" = arm64;
				CLANG_ENABLE_OBJC_WEAK = NO;
				CODE_SIGNING_ALLOWED = YES;
				CODE_SIGNING_REQUIRED = YES;
				CODE_SIGN_ENTITLEMENTS = iosApp/iosApp.entitlements;
				CODE_SIGN_STYLE = Automatic;
				DEVELOPMENT_TEAM = CCVJR9P725;
				"FRAMEWORK_SEARCH_PATHS[sdk=iphoneos*]" = (
					"$(inherited)",
					"/Users/sunil/Downloads/SSBMax-kmp/shared/build/bin/iosArm64/debugFramework",
				);
				"FRAMEWORK_SEARCH_PATHS[sdk=iphonesimulator*]" = (
					"$(inherited)",
					"/Users/sunil/Downloads/SSBMax-kmp/shared/build/bin/iosSimulatorArm64/debugFramework",
				);
				INFOPLIST_FILE = iosApp/Info.plist;
				IPHONEOS_DEPLOYMENT_TARGET = 18.6;
				LD_RUNPATH_SEARCH_PATHS = (
					"$(inherited)",
					"@executable_path/Frameworks",
				);
				OTHER_LDFLAGS = (
					"$(inherited)",
					"-framework",
					SharedKit,
				);
				PRODUCT_BUNDLE_IDENTIFIER = com.ssbmax;
				SDKROOT = iphoneos;
				SWIFT_VERSION = 5.0;
				TARGETED_DEVICE_FAMILY = 1;
			};
			name = Debug;
		};
		E03FEDDBE0BA7DE5D7A07F44 /* Release */ = {
			isa = XCBuildConfiguration;
			baseConfigurationReference = 5EC5E75A1E9B4D9A99A85EC5 /* Secrets.xcconfig */;
			buildSettings = {
				ASSETCATALOG_COMPILER_APPICON_NAME = AppIcon;
				ASSETCATALOG_COMPILER_GLOBAL_ACCENT_COLOR_NAME = AccentColor;
				"ARCHS[sdk=iphonesimulator*]" = arm64;
				CLANG_ENABLE_OBJC_WEAK = NO;
				CODE_SIGNING_ALLOWED = NO;
				CODE_SIGNING_REQUIRED = NO;
				CODE_SIGN_ENTITLEMENTS = iosApp/iosApp.entitlements;
				CODE_SIGN_STYLE = Automatic;
				DEVELOPMENT_TEAM = CCVJR9P725;
				"FRAMEWORK_SEARCH_PATHS[sdk=iphoneos*]" = (
					"$(inherited)",
					"/Users/sunil/Downloads/SSBMax-kmp/shared/build/bin/iosArm64/debugFramework",
				);
				"FRAMEWORK_SEARCH_PATHS[sdk=iphonesimulator*]" = (
					"$(inherited)",
					"/Users/sunil/Downloads/SSBMax-kmp/shared/build/bin/iosSimulatorArm64/debugFramework",
				);
				INFOPLIST_FILE = iosApp/Info.plist;
				IPHONEOS_DEPLOYMENT_TARGET = 18.6;
				LD_RUNPATH_SEARCH_PATHS = (
					"$(inherited)",
					"@executable_path/Frameworks",
				);
				OTHER_LDFLAGS = (
					"$(inherited)",
					"-framework",
					SharedKit,
				);
				PRODUCT_BUNDLE_IDENTIFIER = com.ssbmax;
				SDKROOT = iphoneos;
				SWIFT_VERSION = 5.0;
				TARGETED_DEVICE_FAMILY = 1;
				VALIDATE_PRODUCT = YES;
			};
			name = Release;
		};
/* End XCBuildConfiguration section */

/* Begin XCConfigurationList section */
		4090D18620C3864C831DF811 /* Build configuration list for PBXNativeTarget "iosApp" */ = {
			isa = XCConfigurationList;
			buildConfigurations = (
				E03FEDDBE0BA7DE5D7A07F44 /* Release */,
				6CBA1FA131AB892F06DBCE3C /* Debug */,
			);
			defaultConfigurationIsVisible = 0;
			defaultConfigurationName = Release;
		};
		F43007C0AB050A098608F185 /* Build configuration list for PBXProject "iosApp" */ = {
			isa = XCConfigurationList;
			buildConfigurations = (
				3DEA24F72EA48FE8405C81A8 /* Debug */,
				612501AC5C400D236E6F5E5B /* Release */,
			);
			defaultConfigurationIsVisible = 0;
			defaultConfigurationName = Release;
		};
/* End XCConfigurationList section */

/* Begin XCRemoteSwiftPackageReference section */
		F3B5A9FB73394D29FCB6E5CE /* XCRemoteSwiftPackageReference "firebase-ios-sdk" */ = {
			isa = XCRemoteSwiftPackageReference;
			repositoryURL = "https://github.com/firebase/firebase-ios-sdk.git";
			requirement = {
				kind = upToNextMajorVersion;
				minimumVersion = 11.0.0;
			};
		};
		5125FA5E18AA42AFB0BB96CC /* XCRemoteSwiftPackageReference "GoogleSignIn-iOS" */ = {
			isa = XCRemoteSwiftPackageReference;
			repositoryURL = "https://github.com/google/GoogleSignIn-iOS.git";
			requirement = {
				kind = upToNextMajorVersion;
				minimumVersion = 7.1.0;
			};
		};
/* End XCRemoteSwiftPackageReference section */

/* Begin XCSwiftPackageProductDependency section */
		1C7A53FD79FB80A85AE16311 /* FirebaseAuth */ = {
			isa = XCSwiftPackageProductDependency;
			package = F3B5A9FB73394D29FCB6E5CE /* XCRemoteSwiftPackageReference "firebase-ios-sdk" */;
			productName = FirebaseAuth;
		};
		ACB0C2435E664075BBEBC550 /* GoogleSignIn */ = {
			isa = XCSwiftPackageProductDependency;
			package = 5125FA5E18AA42AFB0BB96CC /* XCRemoteSwiftPackageReference "GoogleSignIn-iOS" */;
			productName = GoogleSignIn;
		};
		5BC58D6A473472F59BE040F5 /* FirebaseCore */ = {
			isa = XCSwiftPackageProductDependency;
			package = F3B5A9FB73394D29FCB6E5CE /* XCRemoteSwiftPackageReference "firebase-ios-sdk" */;
			productName = FirebaseCore;
		};
		7C2E9A1B4F6D4082A3B5E7D0 /* FirebaseStorage */ = {
			isa = XCSwiftPackageProductDependency;
			package = F3B5A9FB73394D29FCB6E5CE /* XCRemoteSwiftPackageReference "firebase-ios-sdk" */;
			productName = FirebaseStorage;
		};
		85D61C478DE18A8C6A990ED1 /* FirebaseFirestore */ = {
			isa = XCSwiftPackageProductDependency;
			package = F3B5A9FB73394D29FCB6E5CE /* XCRemoteSwiftPackageReference "firebase-ios-sdk" */;
			productName = FirebaseFirestore;
		};
		3E7D1A2B4C5F60718293A4C0 /* FirebaseCrashlytics */ = {
			isa = XCSwiftPackageProductDependency;
			package = F3B5A9FB73394D29FCB6E5CE /* XCRemoteSwiftPackageReference "firebase-ios-sdk" */;
			productName = FirebaseCrashlytics;
		};
		3E7D1A2B4C5F60718293A4D0 /* FirebaseAnalytics */ = {
			isa = XCSwiftPackageProductDependency;
			package = F3B5A9FB73394D29FCB6E5CE /* XCRemoteSwiftPackageReference "firebase-ios-sdk" */;
			productName = FirebaseAnalytics;
		};
/* End XCSwiftPackageProductDependency section */
	};
	rootObject = F2FE6E3518699B6B9EB24C58 /* Project object */;
}
